Microsoft Visual Studio Solution File, Format Version 12.00
# Visual Studio Version 17
VisualStudioVersion = 17.5.2.0
MinimumVisualStudioVersion = 10.0.40219.1
Project("{FAE04EC0-301F-11D3-BF4B-00C04F79EFBC}") = "CompanyStructureApi", "CompanyStructureApi\CompanyStructureApi.csproj", "{B80282A9-ABF4-7F10-6EA7-8994A0559CAD}"
EndProject
Global
	GlobalSection(SolutionConfigurationPlatforms) = preSolution
		Debug|Any CPU = Debug|Any CPU
		Release|Any CPU = Release|Any CPU
	EndGlobalSection
	GlobalSection(ProjectConfigurationPlatforms) = postSolution
		{B80282A9-ABF4-7F10-6EA7-8994A0559CAD}.Debug|Any CPU.ActiveCfg = Debug|Any CPU
		{B80282A9-ABF4-7F10-6EA7-8994A0559CAD}.Debug|Any CPU.Build.0 = Debug|Any CPU
		{B80282A9-ABF4-7F10-6EA7-8994A0559CAD}.Release|Any CPU.ActiveCfg = Release|Any CPU
		{B80282A9-ABF4-7F10-6EA7-8994A0559CAD}.Release|Any CPU.Build.0 = Release|Any CPU
	EndGlobalSection
	GlobalSection(SolutionProperties) = preSolution
		HideSolutionNode = FALSE
	EndGlobalSection
	GlobalSection(ExtensibilityGlobals) = postSolution
		SolutionGuid = {2D1C7F23-177C-4A7D-87B5-81C4BECB1F24}
	EndGlobalSection
EndGlobal
